// !$*UTF8*$!
{
	archiveVersion = 1;
	classes = {
	};
	objectVersion = 77;
	objects = {

/* Begin PBXContainerItemProxy section */
		38D9C93C2CE34D7500FC4702 /* PBXContainerItemProxy */ = {
			isa = PBXContainerItemProxy;
			containerPortal = 38D9C91D2CE34D7400FC4702 /* Project object */;
			proxyType = 1;
			remoteGlobalIDString = 38D9C9242CE34D7400FC4702;
			remoteInfo = GPSTrack;
		};
		38D9C9462CE34D7500FC4702 /* PBXContainerItemProxy */ = {
			isa = PBXContainerItemProxy;
			containerPortal = 38D9C91D2CE34D7400FC4702 /* Project object */;
			proxyType = 1;
			remoteGlobalIDString = 38D9C9242CE34D7400FC4702;
			remoteInfo = GPSTrack;
		};
/* End PBXContainerItemProxy section */

/* Begin PBXFileReference section */
		38D9C9252CE34D7400FC4702 /* GPSTrack.app */ = {isa = PBXFileReference; explicitFileType = wrapper.application; includeInIndex = 0; path = GPSTrack.app; sourceTree = BUILT_PRODUCTS_DIR; };
		38D9C93B2CE34D7500FC4702 /* GPSTrackTests.xctest */ = {isa = PBXFileReference; explicitFileType = wrapper.cfbundle; includeInIndex = 0; path = GPSTrackTests.xctest; sourceTree = BUILT_PRODUCTS_DIR; };
		38D9C9452CE34D7500FC4702 /* GPSTrackUITests.xctest */ = {isa = PBXFileReference; explicitFileType = wrapper.cfbundle; includeInIndex = 0; path = GPSTrackUITests.xctest; sourceTree = BUILT_PRODUCTS_DIR; };
/* End PBXFileReference section */

/* Begin PBXFileSystemSynchronizedBuildFileExceptionSet section */
		38D9C94D2CE34D7500FC4702 /* Exceptions for "GPSTrack" folder in "GPSTrack" target */ = {
			isa = PBXFileSystemSynchronizedBuildFileExceptionSet;
			membershipExceptions = (
				Info.plist,
			);
			target = 38D9C9242CE34D7400FC4702 /* GPSTrack */;
		};
/* End PBXFileSystemSynchronizedBuildFileExceptionSet section */

/* Begin PBXFileSystemSynchronizedRootGroup section */
		38D9C9272CE34D7400FC4702 /* GPSTrack */ = {
			isa = PBXFileSystemSynchronizedRootGroup;
			exceptions = (
				38D9C94D2CE34D7500FC4702 /* Exceptions for "GPSTrack" folder in "GPSTrack" target */,
			);
			path = GPSTrack;
			sourceTree = "<group>";
		};
		38D9C93E2CE34D7500FC4702 /* GPSTrackTests */ = {
			isa = PBXFileSystemSynchronizedRootGroup;
			path = GPSTrackTests;
			sourceTree = "<group>";
		};
		38D9C9482CE34D7500FC4702 /* GPSTrackUITests */ = {
			isa = PBXFileSystemSynchronizedRootGroup;
			path = GPSTrackUITests;
			sourceTree = "<group>";
		};
/* End PBXFileSystemSynchronizedRootGroup section */

/* Begin PBXFrameworksBuildPhase section */
		38D9C9222CE34D7400FC4702 /* Frameworks */ = {
			isa = PBXFrameworksBuildPhase;
			buildActionMask = 2147483647;
			files = (
			);
			runOnlyForDeploymentPostprocessing = 0;
		};
		38D9C9382CE34D7500FC4702 /* Frameworks */ = {
			isa = PBXFrameworksBuildPhase;
			buildActionMask = 2147483647;
			files = (
			);
			runOnlyForDeploymentPostprocessing = 0;
		};
		38D9C9422CE34D7500FC4702 /* Frameworks */ = {
			isa = PBXFrameworksBuildPhase;
			buildActionMask = 2147483647;
			files = (
			);
			runOnlyForDeploymentPostprocessing = 0;
		};
/* End PBXFrameworksBuildPhase section */

/* Begin PBXGroup section */
		38D9C91C2CE34D7400FC4702 = {
			isa = PBXGroup;
			children = (
				38D9C9272CE34D7400FC4702 /* GPSTrack */,
				38D9C93E2CE34D7500FC4702 /* GPSTrackTests */,
				38D9C9482CE34D7500FC4702 /* GPSTrackUITests */,
				38D9C9262CE34D7400FC4702 /* Products */,
			);
			sourceTree = "<group>";
		};
		38D9C9262CE34D7400FC4702 /* Products */ = {
			isa = PBXGroup;
			children = (
				38D9C9252CE34D7400FC4702 /* GPSTrack.app */,
				38D9C93B2CE34D7500FC4702 /* GPSTrackTests.xctest */,
				38D9C9452CE34D7500FC4702 /* GPSTrackUITests.xctest */,
			);
			name = Products;
			sourceTree = "<group>";
		};
/* End PBXGroup section */

/* Begin PBXNativeTarget section */
		38D9C9242CE34D7400FC4702 /* GPSTrack */ = {
			isa = PBXNativeTarget;
			buildConfigurationList = 38D9C94E2CE34D7500FC4702 /* Build configuration list for PBXNativeTarget "GPSTrack" */;
			buildPhases = (
				38D9C9212CE34D7400FC4702 /* Sources */,
				38D9C9222CE34D7400FC4702 /* Frameworks */,
				38D9C9232CE34D7400FC4702 /* Resources */,
			);
			buildRules = (
			);
			dependencies = (
			);
			fileSystemSynchronizedGroups = (
				38D9C9272CE34D7400FC4702 /* GPSTrack */,
			);
			name = GPSTrack;
			packageProductDependencies = (
			);
			productName = GPSTrack;
			productReference = 38D9C9252CE34D7400FC4702 /* GPSTrack.app */;
			productType = "com.apple.product-type.application";
		};
		38D9C93A2CE34D7500FC4702 /* GPSTrackTests */ = {
			isa = PBXNativeTarget;
			buildConfigurationList = 38D9C9532CE34D7500FC4702 /* Build configuration list for PBXNativeTarget "GPSTrackTests" */;
			buildPhases = (
				38D9C9372CE34D7500FC4702 /* Sources */,
				38D9C9382CE34D7500FC4702 /* Frameworks */,
				38D9C9392CE34D7500FC4702 /* Resources */,
			);
			buildRules = (
			);
			dependencies = (
				38D9C93D2CE34D7500FC4702 /* PBXTargetDependency */,
			);
			fileSystemSynchronizedGroups = (
				38D9C93E2CE34D7500FC4702 /* GPSTrackTests */,
			);
			name = GPSTrackTests;
			packageProductDependencies = (
			);
			productName = GPSTrackTests;
			productReference = 38D9C93B2CE34D7500FC4702 /* GPSTrackTests.xctest */;
			productType = "com.apple.product-type.bundle.unit-test";
		};
		38D9C9442CE34D7500FC4702 /* GPSTrackUITests */ = {
			isa = PBXNativeTarget;
			buildConfigurationList = 38D9C9562CE34D7500FC4702 /* Build configuration list for PBXNativeTarget "GPSTrackUITests" */;
			buildPhases = (
				38D9C9412CE34D7500FC4702 /* Sources */,
				38D9C9422CE34D7500FC4702 /* Frameworks */,
				38D9C9432CE34D7500FC4702 /* Resources */,
			);
			buildRules = (
			);
			dependencies = (
				38D9C9472CE34D7500FC4702 /* PBXTargetDependency */,
			);
			fileSystemSynchronizedGroups = (
				38D9C9482CE34D7500FC4702 /* GPSTrackUITests */,
			);
			name = GPSTrackUITests;
			packageProductDependencies = (
			);
			productName = GPSTrackUITests;
			productReference = 38D9C9452CE34D7500FC4702 /* GPSTrackUITests.xctest */;
			productType = "com.apple.product-type.bundle.ui-testing";
		};
/* End PBXNativeTarget section */

/* Begin PBXProject section */
		38D9C91D2CE34D7400FC4702 /* Project object */ = {
			isa = PBXProject;
			attributes = {
				BuildIndependentTargetsInParallel = 1;
				LastSwiftUpdateCheck = 1610;
				LastUpgradeCheck = 1610;
				TargetAttributes = {
					38D9C9242CE34D7400FC4702 = {
						CreatedOnToolsVersion = 16.1;
					};
					38D9C93A2CE34D7500FC4702 = {
						CreatedOnToolsVersion = 16.1;
						TestTargetID = 38D9C9242CE34D7400FC4702;
					};
					38D9C9442CE34D7500FC4702 = {
						CreatedOnToolsVersion = 16.1;
						TestTargetID = 38D9C9242CE34D7400FC4702;
					};
				};
			};
			buildConfigurationList = 38D9C9202CE34D7400FC4702 /* Build configuration list for PBXProject "GPSTrack" */;
			developmentRegion = en;
			hasScannedForEncodings = 0;
			knownRegions = (
				en,
				Base,
			);
			mainGroup = 38D9C91C2CE34D7400FC4702;
			minimizedProjectReferenceProxies = 1;
			preferredProjectObjectVersion = 77;
			productRefGroup = 38D9C9262CE34D7400FC4702 /* Products */;
			projectDirPath = "";
			projectRoot = "";
			targets = (
				38D9C9242CE34D7400FC4702 /* GPSTrack */,
				38D9C93A2CE34D7500FC4702 /* GPSTrackTests */,
				38D9C9442CE34D7500FC4702 /* GPSTrackUITests */,
			);
		};
/* End PBXProject section */

/* Begin PBXResourcesBuildPhase section */
		38D9C9232CE34D7400FC4702 /* Resources */ = {
			isa = PBXResourcesBuildPhase;
			buildActionMask = 2147483647;
			files = (
			);
			runOnlyForDeploymentPostprocessing = 0;
		};
		38D9C9392CE34D7500FC4702 /* Resources */ = {
			isa = PBXResourcesBuildPhase;
			buildActionMask = 2147483647;
			files = (
			);
			runOnlyForDeploymentPostprocessing = 0;
		};
		38D9C9432CE34D7500FC4702 /* Resources */ = {
			isa = PBXResourcesBuildPhase;
			buildActionMask = 2147483647;
			files = (
			);
			runOnlyForDeploymentPostprocessing = 0;
		};
/* End PBXResourcesBuildPhase section */

/* Begin PBXSourcesBuildPhase section */
		38D9C9212CE34D7400FC4702 /* Sources */ = {
			isa = PBXSourcesBuildPhase;
			buildActionMask = 2147483647;
			files = (
			);
			runOnlyForDeploymentPostprocessing = 0;
		};
		38D9C9372CE34D7500FC4702 /* Sources */ = {
			isa = PBXSourcesBuildPhase;
			buildActionMask = 2147483647;
			files = (
			);
			runOnlyForDeploymentPostprocessing = 0;
		};
		38D9C9412CE34D7500FC4702 /* Sources */ = {
			isa = PBXSourcesBuildPhase;
			buildActionMask = 2147483647;
			files = (
			);
			runOnlyForDeploymentPostprocessing = 0;
		};
/* End PBXSourcesBuildPhase section */

/* Begin PBXTargetDependency section */
		38D9C93D2CE34D7500FC4702 /* PBXTargetDependency */ = {
			isa = PBXTargetDependency;
			target = 38D9C9242CE34D7400FC4702 /* GPSTrack */;
			targetProxy = 38D9C93C2CE34D7500FC4702 /* PBXContainerItemProxy */;
		};
		38D9C9472CE34D7500FC4702 /* PBXTargetDependency */ = {
			isa = PBXTargetDependency;
			target = 38D9C9242CE34D7400FC4702 /* GPSTrack */;
			targetProxy = 38D9C9462CE34D7500FC4702 /* PBXContainerItemProxy */;
		};
/* End PBXTargetDependency section */

/* Begin XCBuildConfiguration section */
		38D9C94F2CE34D7500FC4702 /* Debug */ = {
			isa = XCBuildConfiguration;
			buildSettings = {
				ASSETCATALOG_COMPILER_APPICON_NAME = AppIcon;
				ASSETCATALOG_COMPILER_GLOBAL_ACCENT_COLOR_NAME = AccentColor;
				CODE_SIGN_STYLE = Automatic;
				CURRENT_PROJECT_VERSION = 1;
				GENERATE_INFOPLIST_FILE = YES;
				INFOPLIST_FILE = GPSTrack/Info.plist;
				INFOPLIST_KEY_UIApplicationSupportsIndirectInputEvents = YES;
				INFOPLIST_KEY_UILaunchStoryboardName = LaunchScreen;
				INFOPLIST_KEY_UIMainStoryboardFile = Main;
				INFOPLIST_KEY_UISupportedInterfaceOrientations_iPad = "UIInterfaceOrientationPortrait UIInterfaceOrientationPortraitUpsideDown UIInterfaceOrientationLandscapeLeft UIInterfaceOrientationLandscapeRight";
				INFOPLIST_KEY_UISupportedInterfaceOrientations_iPhone = "UIInterfaceOrientationPortrait UIInterfaceOrientationLandscapeLeft UIInterfaceOrientationLandscapeRight";
				LD_RUNPATH_SEARCH_PATHS = (
					"$(inherited)",
					"@executable_path/Frameworks",
				);
				MARKETING_VERSION = 1.0;
				PRODUCT_BUNDLE_IDENTIFIER = example.com.GPSTrack;
				PRODUCT_NAME = "$(TARGET_NAME)";
				SWIFT_EMIT_LOC_STRINGS = YES;
				SWIFT_VERSION = 5.0;
				TARGETED_DEVICE_FAMILY = "1,2";
			};
			name = Debug;
		};
		38D9C9502CE34D7500FC4702 /* Release */ = {
			isa = XCBuildConfiguration;
			buildSettings = {
				ASSETCATALOG_COMPILER_APPICON_NAME = AppIcon;
				ASSETCATALOG_COMPILER_GLOBAL_ACCENT_COLOR_NAME = AccentColor;
				CODE_SIGN_STYLE = Automatic;
				CURRENT_PROJECT_VERSION = 1;
				GENERATE_INFOPLIST_FILE = YES;
				INFOPLIST_FILE = GPSTrack/Info.plist;
				INFOPLIST_KEY_UIApplicationSupportsIndirectInputEvents = YES;
				INFOPLIST_KEY_UILaunchStoryboardName = LaunchScreen;
				INFOPLIST_KEY_UIMainStoryboardFile = Main;
				INFOPLIST_KEY_UISupportedInterfaceOrientations_iPad = "UIInterfaceOrientationPortrait UIInterfaceOrientationPortraitUpsideDown UIInterfaceOrientationLandscapeLeft UIInterfaceOrientationLandscapeRight";
				INFOPLIST_KEY_UISupportedInterfaceOrientations_iPhone = "UIInterfaceOrientationPortrait UIInterfaceOrientationLandscapeLeft UIInterfaceOrientationLandscapeRight";
				LD_RUNPATH_SEARCH_PATHS = (
					"$(inherited)",
					"@executable_path/Frameworks",
				);
				MARKETING_VERSION = 1.0;
				PRODUCT_BUNDLE_IDENTIFIER = example.com.GPSTrack;
				PRODUCT_NAME = "$(TARGET_NAME)";
				SWIFT_EMIT_LOC_STRINGS = YES;
				SWIFT_VERSION = 5.0;
				TARGETED_DEVICE_FAMILY = "1,2";
			};
			name = Release;
		};
		38D9C9512CE34D7500FC4702 /* Debug */ = {
			isa = XCBuildConfiguration;
			buildSettings = {
				ALWAYS_SEARCH_USER_PATHS = NO;
				ASSETCATALOG_COMPILER_GENERATE_SWIFT_ASSET_SYMBOL_EXTENSIONS = YES;
				CLANG_ANALYZER_NONNULL = YES;
				CLANG_ANALYZER_NUMBER_OBJECT_CONVERSION = YES_AGGRESSIVE;
				CLANG_CXX_LANGUAGE_STANDARD = "gnu++20";
				CLANG_ENABLE_MODULES = YES;
				CLANG_ENABLE_OBJC_ARC = YES;
				CLANG_ENABLE_OBJC_WEAK = YES;
				CLANG_WARN_BLOCK_CAPTURE_AUTORELEASING = YES;
				CLANG_WARN_BOOL_CONVERSION = YES;
				CLANG_WARN_COMMA = YES;
				CLANG_WARN_CONSTANT_CONVERSION = YES;
				CLANG_WARN_DEPRECATED_OBJC_IMPLEMENTATIONS = YES;
				CLANG_WARN_DIRECT_OBJC_ISA_USAGE = YES_ERROR;
				CLANG_WARN_DOCUMENTATION_COMMENTS = YES;
				CLANG_WARN_EMPTY_BODY = YES;
				CLANG_WARN_ENUM_CONVERSION = YES;
				CLANG_WARN_INFINITE_RECURSION = YES;
				CLANG_WARN_INT_CONVERSION = YES;
				CLANG_WARN_NON_LITERAL_NULL_CONVERSION = YES;
				CLANG_WARN_OBJC_IMPLICIT_RETAIN_SELF = YES;
				CLANG_WARN_OBJC_LITERAL_CONVERSION = YES;
				CLANG_WARN_OBJC_ROOT_CLASS = YES_ERROR;
				CLANG_WARN_QUOTED_INCLUDE_IN_FRAMEWORK_HEADER = YES;
				CLANG_WARN_RANGE_LOOP_ANALYSIS = YES;
				CLANG_WARN_STRICT_PROTOTYPES = YES;
				CLANG_WARN_SUSPICIOUS_MOVE = YES;
				CLANG_WARN_UNGUARDED_AVAILABILITY = YES_AGGRESSIVE;
				CLANG_WARN_UNREACHABLE_CODE = YES;
				CLANG_WARN__DUPLICATE_METHOD_MATCH = YES;
				COPY_PHASE_STRIP = NO;
				DEBUG_INFORMATION_FORMAT = dwarf;
				ENABLE_STRICT_OBJC_MSGSEND = YES;
				ENABLE_TESTABILITY = YES;
				ENABLE_USER_SCRIPT_SANDBOXING = YES;
				GCC_C_LANGUAGE_STANDARD = gnu17;
				GCC_DYNAMIC_NO_PIC = NO;
				GCC_NO_COMMON_BLOCKS = YES;
				GCC_OPTIMIZATION_LEVEL = 0;
				GCC_PREPROCESSOR_DEFINITIONS = (
					"DEBUG=1",
					"$(inherited)",
				);
				GCC_WARN_64_TO_32_BIT_CONVERSION = YES;
				GCC_WARN_ABOUT_RETURN_TYPE = YES_ERROR;
				GCC_WARN_UNDECLARED_SELECTOR = YES;
				GCC_WARN_UNINITIALIZED_AUTOS = YES_AGGRESSIVE;
				GCC_WARN_UNUSED_FUNCTION = YES;
				GCC_WARN_UNUSED_VARIABLE = YES;
				IPHONEOS_DEPLOYMENT_TARGET = 18.1;
				LOCALIZATION_PREFERS_STRING_CATALOGS = YES;
				MTL_ENABLE_DEBUG_INFO = INCLUDE_SOURCE;
				MTL_FAST_MATH = YES;
				ONLY_ACTIVE_ARCH = YES;
				SDKROOT = iphoneos;
				SWIFT_ACTIVE_COMPILATION_CONDITIONS = "DEBUG $(inherited)";
				SWIFT_OPTIMIZATION_LEVEL = "-Onone";
			};
			name = Debug;
		};
		38D9C9522CE34D7500FC4702 /* Release */ = {
			isa = XCBuildConfiguration;
			buildSettings = {
				ALWAYS_SEARCH_USER_PATHS = NO;
				ASSETCATALOG_COMPILER_GENERATE_SWIFT_ASSET_SYMBOL_EXTENSIONS = YES;
				CLANG_ANALYZER_NONNULL = YES;
				CLANG_ANALYZER_NUMBER_OBJECT_CONVERSION = YES_AGGRESSIVE;
				CLANG_CXX_LANGUAGE_STANDARD = "gnu++20";
				CLANG_ENABLE_MODULES = YES;
				CLANG_ENABLE_OBJC_ARC = YES;
				CLANG_ENABLE_OBJC_WEAK = YES;
				CLANG_WARN_BLOCK_CAPTURE_AUTORELEASING = YES;
				CLANG_WARN_BOOL_CONVERSION = YES;
				CLANG_WARN_COMMA = YES;
				CLANG_WARN_CONSTANT_CONVERSION = YES;
				CLANG_WARN_DEPRECATED_OBJC_IMPLEMENTATIONS = YES;
				CLANG_WARN_DIRECT_OBJC_ISA_USAGE = YES_ERROR;
				CLANG_WARN_DOCUMENTATION_COMMENTS = YES;
				CLANG_WARN_EMPTY_BODY = YES;
				CLANG_WARN_ENUM_CONVERSION = YES;
				CLANG_WARN_INFINITE_RECURSION = YES;
				CLANG_WARN_INT_CONVERSION = YES;
				CLANG_WARN_NON_LITERAL_NULL_CONVERSION = YES;
				CLANG_WARN_OBJC_IMPLICIT_RETAIN_SELF = YES;
				CLANG_WARN_OBJC_LITERAL_CONVERSION = YES;
				CLANG_WARN_OBJC_ROOT_CLASS = YES_ERROR;
				CLANG_WARN_QUOTED_INCLUDE_IN_FRAMEWORK_HEADER = YES;
				CLANG_WARN_RANGE_LOOP_ANALYSIS = YES;
				CLANG_WARN_STRICT_PROTOTYPES = YES;
				CLANG_WARN_SUSPICIOUS_MOVE = YES;
				CLANG_WARN_UNGUARDED_AVAILABILITY = YES_AGGRESSIVE;
				CLANG_WARN_UNREACHABLE_CODE = YES;
				CLANG_WARN__DUPLICATE_METHOD_MATCH = YES;
				COPY_PHASE_STRIP = NO;
				DEBUG_INFORMATION_FORMAT = "dwarf-with-dsym";
				ENABLE_NS_ASSERTIONS = NO;
				ENABLE_STRICT_OBJC_MSGSEND = YES;
				ENABLE_USER_SCRIPT_SANDBOXING = YES;
				GCC_C_LANGUAGE_STANDARD = gnu17;
				GCC_NO_COMMON_BLOCKS = YES;
				GCC_WARN_64_TO_32_BIT_CONVERSION = YES;
				GCC_WARN_ABOUT_RETURN_TYPE = YES_ERROR;
				GCC_WARN_UNDECLARED_SELECTOR = YES;
				GCC_WARN_UNINITIALIZED_AUTOS = YES_AGGRESSIVE;
				GCC_WARN_UNUSED_FUNCTION = YES;
				GCC_WARN_UNUSED_VARIABLE = YES;
				IPHONEOS_DEPLOYMENT_TARGET = 18.1;
				LOCALIZATION_PREFERS_STRING_CATALOGS = YES;
				MTL_ENABLE_DEBUG_INFO = NO;
				MTL_FAST_MATH = YES;
				SDKROOT = iphoneos;
				SWIFT_COMPILATION_MODE = wholemodule;
				VALIDATE_PRODUCT = YES;
			};
			name = Release;
		};
		38D9C9542CE34D7500FC4702 /* Debug */ = {
			isa = XCBuildConfiguration;
			buildSettings = {
				BUNDLE_LOADER = "$(TEST_HOST)";
				CODE_SIGN_STYLE = Automatic;
				CURRENT_PROJECT_VERSION = 1;
				GENERATE_INFOPLIST_FILE = YES;
				IPHONEOS_DEPLOYMENT_TARGET = 18.1;
				MARKETING_VERSION = 1.0;
				PRODUCT_BUNDLE_IDENTIFIER = example.com.GPSTrackTests;
				PRODUCT_NAME = "$(TARGET_NAME)";
				SWIFT_EMIT_LOC_STRINGS = NO;
				SWIFT_VERSION = 5.0;
				TARGETED_DEVICE_FAMILY = "1,2";
				TEST_HOST = "$(BUILT_PRODUCTS_DIR)/GPSTrack.app/$(BUNDLE_EXECUTABLE_FOLDER_PATH)/GPSTrack";
			};
			name = Debug;
		};
		38D9C9552CE34D7500FC4702 /* Release */ = {
			isa = XCBuildConfiguration;
			buildSettings = {
				BUNDLE_LOADER = "$(TEST_HOST)";
				CODE_SIGN_STYLE = Automatic;
				CURRENT_PROJECT_VERSION = 1;
				GENERATE_INFOPLIST_FILE = YES;
				IPHONEOS_DEPLOYMENT_TARGET = 18.1;
				MARKETING_VERSION = 1.0;
				PRODUCT_BUNDLE_IDENTIFIER = example.com.GPSTrackTests;
				PRODUCT_NAME = "$(TARGET_NAME)";
				SWIFT_EMIT_LOC_STRINGS = NO;
				SWIFT_VERSION = 5.0;
				TARGETED_DEVICE_FAMILY = "1,2";
				TEST_HOST = "$(BUILT_PRODUCTS_DIR)/GPSTrack.app/$(BUNDLE_EXECUTABLE_FOLDER_PATH)/GPSTrack";
			};
			name = Release;
		};
		38D9C9572CE34D7500FC4702 /* Debug */ = {
			isa = XCBuildConfiguration;
			buildSettings = {
				CODE_SIGN_STYLE = Automatic;
				CURRENT_PROJECT_VERSION = 1;
				GENERATE_INFOPLIST_FILE = YES;
				MARKETING_VERSION = 1.0;
				PRODUCT_BUNDLE_IDENTIFIER = example.com.GPSTrackUITests;
				PRODUCT_NAME = "$(TARGET_NAME)";
				SWIFT_EMIT_LOC_STRINGS = NO;
				SWIFT_VERSION = 5.0;
				TARGETED_DEVICE_FAMILY = "1,2";
				TEST_TARGET_NAME = GPSTrack;
			};
			name = Debug;
		};
		38D9C9582CE34D7500FC4702 /* Release */ = {
			isa = XCBuildConfiguration;
			buildSettings = {
				CODE_SIGN_STYLE = Automatic;
				CURRENT_PROJECT_VERSION = 1;
				GENERATE_INFOPLIST_FILE = YES;
				MARKETING_VERSION = 1.0;
				PRODUCT_BUNDLE_IDENTIFIER = example.com.GPSTrackUITests;
				PRODUCT_NAME = "$(TARGET_NAME)";
				SWIFT_EMIT_LOC_STRINGS = NO;
				SWIFT_VERSION = 5.0;
				TARGETED_DEVICE_FAMILY = "1,2";
				TEST_TARGET_NAME = GPSTrack;
			};
			name = Release;
		};
/* End XCBuildConfiguration section */

/* Begin XCConfigurationList section */
		38D9C9202CE34D7400FC4702 /* Build configuration list for PBXProject "GPSTrack" */ = {
			isa = XCConfigurationList;
			buildConfigurations = (
				38D9C9512CE34D7500FC4702 /* Debug */,
				38D9C9522CE34D7500FC4702 /* Release */,
			);
			defaultConfigurationIsVisible = 0;
			defaultConfigurationName = Release;
		};
		38D9C94E2CE34D7500FC4702 /* Build configuration list for PBXNativeTarget "GPSTrack" */ = {
			isa = XCConfigurationList;
			buildConfigurations = (
				38D9C94F2CE34D7500FC4702 /* Debug */,
				38D9C9502CE34D7500FC4702 /* Release */,
			);
			defaultConfigurationIsVisible = 0;
			defaultConfigurationName = Release;
		};
		38D9C9532CE34D7500FC4702 /* Build configuration list for PBXNativeTarget "GPSTrackTests" */ = {
			isa = XCConfigurationList;
			buildConfigurations = (
				38D9C9542CE34D7500FC4702 /* Debug */,
				38D9C9552CE34D7500FC4702 /* Release */,
			);
			defaultConfigurationIsVisible = 0;
			defaultConfigurationName = Release;
		};
		38D9C9562CE34D7500FC4702 /* Build configuration list for PBXNativeTarget "GPSTrackUITests" */ = {
			isa = XCConfigurationList;
			buildConfigurations = (
				38D9C9572CE34D7500FC4702 /* Debug */,
				38D9C9582CE34D7500FC4702 /* Release */,
			);
			defaultConfigurationIsVisible = 0;
			defaultConfigurationName = Release;
		};
/* End XCConfigurationList section */
	};
	rootObject = 38D9C91D2CE34D7400FC4702 /* Project object */;
}
